
Microsoft Visual Studio Solution File, Format Version 12.00
# Visual Studio 15
Project("{FAE04EC0-301F-11D3-BF4B-00C04F79EFBC}") = "Assembly-CSharp", "Assembly-CSharp.csproj", "{16D44596-6FC8-3A08-B534-7BB50FE9D10A}"
EndProject
Project("{FAE04EC0-301F-11D3-BF4B-00C04F79EFBC}") = "Unity.Postprocessing.Runtime", "Unity.Postprocessing.Runtime.csproj", "{1954C1CC-CB95-344C-A928-3DBBA85F74B8}"
EndProject
Project("{FAE04EC0-301F-11D3-BF4B-00C04F79EFBC}") = "Unity.Postprocessing.Editor", "Unity.Postprocessing.Editor.csproj", "{5FBFD688-EE56-C895-8F77-3951DDA86D49}"
EndProject
Global
	GlobalSection(SolutionConfigurationPlatforms) = preSolution
		Debug|Any CPU = Debug|Any CPU
		Release|Any CPU = Release|Any CPU
	EndGlobalSection
	GlobalSection(ProjectConfigurationPlatforms) = postSolution
		{16D44596-6FC8-3A08-B534-7BB50FE9D10A}.Debug|Any CPU.ActiveCfg = Debug|Any CPU
		{16D44596-6FC8-3A08-B534-7BB50FE9D10A}.Debug|Any CPU.Build.0 = Debug|Any CPU
		{16D44596-6FC8-3A08-B534-7BB50FE9D10A}.Release|Any CPU.ActiveCfg = Release|Any CPU
		{16D44596-6FC8-3A08-B534-7BB50FE9D10A}.Release|Any CPU.Build.0 = Release|Any CPU
		{1954C1CC-CB95-344C-A928-3DBBA85F74B8}.Debug|Any CPU.ActiveCfg = Debug|Any CPU
		{1954C1CC-CB95-344C-A928-3DBBA85F74B8}.Debug|Any CPU.Build.0 = Debug|Any CPU
		{1954C1CC-CB95-344C-A928-3DBBA85F74B8}.Release|Any CPU.ActiveCfg = Release|Any CPU
		{1954C1CC-CB95-344C-A928-3DBBA85F74B8}.Release|Any CPU.Build.0 = Release|Any CPU
		{5FBFD688-EE56-C895-8F77-3951DDA86D49}.Debug|Any CPU.ActiveCfg = Debug|Any CPU
		{5FBFD688-EE56-C895-8F77-3951DDA86D49}.Debug|Any CPU.Build.0 = Debug|Any CPU
		{5FBFD688-EE56-C895-8F77-3951DDA86D49}.Release|Any CPU.ActiveCfg = Release|Any CPU
		{5FBFD688-EE56-C895-8F77-3951DDA86D49}.Release|Any CPU.Build.0 = Release|Any CPU
	EndGlobalSection
	GlobalSection(SolutionProperties) = preSolution
		HideSolutionNode = FALSE
	EndGlobalSection
EndGlobal
